
Microsoft Visual Studio Solution File, Format Version 12.00
# Visual Studio Version 17
VisualStudioVersion = 17.11.35312.102
MinimumVisualStudioVersion = 10.0.40219.1
Project("{FAE04EC0-301F-11D3-BF4B-00C04F79EFBC}") = "Question1", "Question1\Question1.csproj", "{670F5102-6D39-488D-B248-E09479FC59CD}"
EndProject
Project("{FAE04EC0-301F-11D3-BF4B-00C04F79EFBC}") = "Question2", "Question2\Question2.csproj", "{01BA5EB2-E327-49DB-B0D2-B1AA04D9522F}"
EndProject
Project("{FAE04EC0-301F-11D3-BF4B-00C04F79EFBC}") = "Question3", "Question3\Question3.csproj", "{658EB2D4-9ED2-4C79-81AB-809EA4D48019}"
EndProject
Project("{FAE04EC0-301F-11D3-BF4B-00C04F79EFBC}") = "Question5", "Question5\Question5.csproj", "{BA753688-07EE-4842-8733-6A87079D42AE}"
EndProject
Project("{FAE04EC0-301F-11D3-BF4B-00C04F79EFBC}") = "Question4", "Question4\Question4.csproj", "{7A50FA20-0A2B-4E20-8606-82AB337D9E22}"
EndProject
Project("{FAE04EC0-301F-11D3-BF4B-00C04F79EFBC}") = "EH1", "EH1\EH1.csproj", "{240B1E94-EAEC-449C-93FE-2A5BF374A77B}"
EndProject
Project("{FAE04EC0-301F-11D3-BF4B-00C04F79EFBC}") = "EH2", "EH2\EH2.csproj", "{3D835104-5385-4F80-BE0A-A27C29006843}"
EndProject
Project("{FAE04EC0-301F-11D3-BF4B-00C04F79EFBC}") = "EH3", "EH3\EH3.csproj", "{8E848B83-7C28-4886-B33E-8C3826481050}"
EndProject
Project("{FAE04EC0-301F-11D3-BF4B-00C04F79EFBC}") = "EH4", "EH4\EH4.csproj", "{80B3A6B8-AA59-459D-BBD7-CB4A5CF1FCA3}"
EndProject
Project("{FAE04EC0-301F-11D3-BF4B-00C04F79EFBC}") = "EH5", "EH5\EH5.csproj", "{D58B01EA-32FF-4519-AA61-FF532598B19E}"
EndProject
Global
	GlobalSection(SolutionConfigurationPlatforms) = preSolution
		Debug|Any CPU = Debug|Any CPU
		Release|Any CPU = Release|Any CPU
	EndGlobalSection
	GlobalSection(ProjectConfigurationPlatforms) = postSolution
		{670F5102-6D39-488D-B248-E09479FC59CD}.Debug|Any CPU.ActiveCfg = Debug|Any CPU
		{670F5102-6D39-488D-B248-E09479FC59CD}.Debug|Any CPU.Build.0 = Debug|Any CPU
		{670F5102-6D39-488D-B248-E09479FC59CD}.Release|Any CPU.ActiveCfg = Release|Any CPU
		{670F5102-6D39-488D-B248-E09479FC59CD}.Release|Any CPU.Build.0 = Release|Any CPU
		{01BA5EB2-E327-49DB-B0D2-B1AA04D9522F}.Debug|Any CPU.ActiveCfg = Debug|Any CPU
		{01BA5EB2-E327-49DB-B0D2-B1AA04D9522F}.Debug|Any CPU.Build.0 = Debug|Any CPU
		{01BA5EB2-E327-49DB-B0D2-B1AA04D9522F}.Release|Any CPU.ActiveCfg = Release|Any CPU
		{01BA5EB2-E327-49DB-B0D2-B1AA04D9522F}.Release|Any CPU.Build.0 = Release|Any CPU
		{658EB2D4-9ED2-4C79-81AB-809EA4D48019}.Debug|Any CPU.ActiveCfg = Debug|Any CPU
		{658EB2D4-9ED2-4C79-81AB-809EA4D48019}.Debug|Any CPU.Build.0 = Debug|Any CPU
		{658EB2D4-9ED2-4C79-81AB-809EA4D48019}.Release|Any CPU.ActiveCfg = Release|Any CPU
		{658EB2D4-9ED2-4C79-81AB-809EA4D48019}.Release|Any CPU.Build.0 = Release|Any CPU
		{BA753688-07EE-4842-8733-6A87079D42AE}.Debug|Any CPU.ActiveCfg = Debug|Any CPU
		{BA753688-07EE-4842-8733-6A87079D42AE}.Debug|Any CPU.Build.0 = Debug|Any CPU
		{BA753688-07EE-4842-8733-6A87079D42AE}.Release|Any CPU.ActiveCfg = Release|Any CPU
		{BA753688-07EE-4842-8733-6A87079D42AE}.Release|Any CPU.Build.0 = Release|Any CPU
		{7A50FA20-0A2B-4E20-8606-82AB337D9E22}.Debug|Any CPU.ActiveCfg = Debug|Any CPU
		{7A50FA20-0A2B-4E20-8606-82AB337D9E22}.Debug|Any CPU.Build.0 = Debug|Any CPU
		{7A50FA20-0A2B-4E20-8606-82AB337D9E22}.Release|Any CPU.ActiveCfg = Release|Any CPU
		{7A50FA20-0A2B-4E20-8606-82AB337D9E22}.Release|Any CPU.Build.0 = Release|Any CPU
		{240B1E94-EAEC-449C-93FE-2A5BF374A77B}.Debug|Any CPU.ActiveCfg = Debug|Any CPU
		{240B1E94-EAEC-449C-93FE-2A5BF374A77B}.Debug|Any CPU.Build.0 = Debug|Any CPU
		{240B1E94-EAEC-449C-93FE-2A5BF374A77B}.Release|Any CPU.ActiveCfg = Release|Any CPU
		{240B1E94-EAEC-449C-93FE-2A5BF374A77B}.Release|Any CPU.Build.0 = Release|Any CPU
		{3D835104-5385-4F80-BE0A-A27C29006843}.Debug|Any CPU.ActiveCfg = Debug|Any CPU
		{3D835104-5385-4F80-BE0A-A27C29006843}.Debug|Any CPU.Build.0 = Debug|Any CPU
		{3D835104-5385-4F80-BE0A-A27C29006843}.Release|Any CPU.ActiveCfg = Release|Any CPU
		{3D835104-5385-4F80-BE0A-A27C29006843}.Release|Any CPU.Build.0 = Release|Any CPU
		{8E848B83-7C28-4886-B33E-8C3826481050}.Debug|Any CPU.ActiveCfg = Debug|Any CPU
		{8E848B83-7C28-4886-B33E-8C3826481050}.Debug|Any CPU.Build.0 = Debug|Any CPU
		{8E848B83-7C28-4886-B33E-8C3826481050}.Release|Any CPU.ActiveCfg = Release|Any CPU
		{8E848B83-7C28-4886-B33E-8C3826481050}.Release|Any CPU.Build.0 = Release|Any CPU
		{80B3A6B8-AA59-459D-BBD7-CB4A5CF1FCA3}.Debug|Any CPU.ActiveCfg = Debug|Any CPU
		{80B3A6B8-AA59-459D-BBD7-CB4A5CF1FCA3}.Debug|Any CPU.Build.0 = Debug|Any CPU
		{80B3A6B8-AA59-459D-BBD7-CB4A5CF1FCA3}.Release|Any CPU.ActiveCfg = Release|Any CPU
		{80B3A6B8-AA59-459D-BBD7-CB4A5CF1FCA3}.Release|Any CPU.Build.0 = Release|Any CPU
		{D58B01EA-32FF-4519-AA61-FF532598B19E}.Debug|Any CPU.ActiveCfg = Debug|Any CPU
		{D58B01EA-32FF-4519-AA61-FF532598B19E}.Debug|Any CPU.Build.0 = Debug|Any CPU
		{D58B01EA-32FF-4519-AA61-FF532598B19E}.Release|Any CPU.ActiveCfg = Release|Any CPU
		{D58B01EA-32FF-4519-AA61-FF532598B19E}.Release|Any CPU.Build.0 = Release|Any CPU
	EndGlobalSection
	GlobalSection(SolutionProperties) = preSolution
		HideSolutionNode = FALSE
	EndGlobalSection
	GlobalSection(ExtensibilityGlobals) = postSolution
		SolutionGuid = {A71F8855-F486-443C-B1F4-4DA4E1390B48}
	EndGlobalSection
EndGlobal
